{
  "name": "webpack-babel-multi-target-plugin-example-es6-externals",
  "version": "0.0.0",
  "lockfileVersion": 1,
  "requires": true,
  "dependencies": {
    "core-js": {
      "version": "2.6.2",
      "resolved": "https://registry.npmjs.org/core-js/-/core-js-2.6.2.tgz",
      "integrity": "sha512-NdBPF/RVwPW6jr0NCILuyN9RiqLo2b1mddWHkUL+VnvcB7dzlnBJ1bXYntjpTGOgkZiiLWj2JxmOr7eGE3qK6g=="
    },
    "regenerator-runtime": {
      "version": "0.13.1",
      "resolved": "https://registry.npmjs.org/regenerator-runtime/-/regenerator-runtime-0.13.1.tgz",
      "integrity": "sha512-5KzMIyPLvfdPmvsdlYsHqITrDfK9k7bmvf97HvHSN4810i254ponbxCQ1NukpRWlu6en2MBWzAlhDExEKISwAA=="
    }
  }
}
